version = 1
revision = 2
requires-python = ">=3.13"

[[package]]
name = "better-git-diff"
version = "0.1.0"
source = { virtual = "." }
dependencies = [
    { name = "gitpython" },
    { name = "tree-sitter" },
    { name = "tree-sitter-java" },
]

[package.dev-dependencies]
dev = [
    { name = "pytest" },
]

[package.metadata]
requires-dist = [
    { name = "gitpython", specifier = ">=3.1.40" },
    { name = "tree-sitter", specifier = ">=0.25.1" },
    { name = "tree-sitter-java", specifier = ">=0.23.5" },
]

[package.metadata.requires-dev]
dev = [{ name = "pytest", specifier = ">=7.0.0" }]

[[package]]
name = "colorama"
version = "0.4.6"
source = { registry = "https://pypi.org/simple" }
sdist = { url = "https://files.pythonhosted.org/packages/d8/53/6f443c9a4a8358a93a6792e2acffb9d9d5cb0a5cfd8802644b7b1c9a02e4/colorama-0.4.6.tar.gz", hash = "sha256:08695f5cb7ed6e0531a20572697297273c47b8cae5a63ffc6d6ed5c201be6e44", size = 27697, upload-time = "2022-10-25T02:36:22.414Z" }
wheels = [
    { url = "https://files.pythonhosted.org/packages/d1/d6/3965ed04c63042e047cb6a3e6ed1a63a35087b6a609aa3a15ed8ac56c221/colorama-0.4.6-py2.py3-none-any.whl", hash = "sha256:4f1d9991f5acc0ca119f9d443620b77f9d6b33703e51011c16baf57afb285fc6", size = 25335, upload-time = "2022-10-25T02:36:20.889Z" },
]

[[package]]
name = "gitdb"
version = "4.0.12"
source = { registry = "https://pypi.org/simple" }
dependencies = [
    { name = "smmap" },
]
sdist = { url = "https://files.pythonhosted.org/packages/72/94/63b0fc47eb32792c7ba1fe1b694daec9a63620db1e313033d18140c2320a/gitdb-4.0.12.tar.gz", hash = "sha256:5ef71f855d191a3326fcfbc0d5da835f26b13fbcba60c32c21091c349ffdb571", size = 394684, upload-time = "2025-01-02T07:20:46.413Z" }
wheels = [
    { url = "https://files.pythonhosted.org/packages/a0/61/5c78b91c3143ed5c14207f463aecfc8f9dbb5092fb2869baf37c273b2705/gitdb-4.0.12-py3-none-any.whl", hash = "sha256:67073e15955400952c6565cc3e707c554a4eea2e428946f7a4c162fab9bd9bcf", size = 62794, upload-time = "2025-01-02T07:20:43.624Z" },
]

[[package]]
name = "gitpython"
version = "3.1.45"
source = { registry = "https://pypi.org/simple" }
dependencies = [
    { name = "gitdb" },
]
sdist = { url = "https://files.pythonhosted.org/packages/9a/c8/dd58967d119baab745caec2f9d853297cec1989ec1d63f677d3880632b88/gitpython-3.1.45.tar.gz", hash = "sha256:85b0ee964ceddf211c41b9f27a49086010a190fd8132a24e21f362a4b36a791c", size = 215076, upload-time = "2025-07-24T03:45:54.871Z" }
wheels = [
    { url = "https://files.pythonhosted.org/packages/01/61/d4b89fec821f72385526e1b9d9a3a0385dda4a72b206d28049e2c7cd39b8/gitpython-3.1.45-py3-none-any.whl", hash = "sha256:8908cb2e02fb3b93b7eb0f2827125cb699869470432cc885f019b8fd0fccff77", size = 208168, upload-time = "2025-07-24T03:45:52.517Z" },
]

[[package]]
name = "iniconfig"
version = "2.1.0"
source = { registry = "https://pypi.org/simple" }
sdist = { url = "https://files.pythonhosted.org/packages/f2/97/ebf4da567aa6827c909642694d71c9fcf53e5b504f2d96afea02718862f3/iniconfig-2.1.0.tar.gz", hash = "sha256:3abbd2e30b36733fee78f9c7f7308f2d0050e88f0087fd25c2645f63c773e1c7", size = 4793, upload-time = "2025-03-19T20:09:59.721Z" }
wheels = [
    { url = "https://files.pythonhosted.org/packages/2c/e1/e6716421ea10d38022b952c159d5161ca1193197fb744506875fbb87ea7b/iniconfig-2.1.0-py3-none-any.whl", hash = "sha256:9deba5723312380e77435581c6bf4935c94cbfab9b1ed33ef8d238ea168eb760", size = 6050, upload-time = "2025-03-19T20:10:01.071Z" },
]

[[package]]
name = "packaging"
version = "25.0"
source = { registry = "https://pypi.org/simple" }
sdist = { url = "https://files.pythonhosted.org/packages/a1/d4/1fc4078c65507b51b96ca8f8c3ba19e6a61c8253c72794544580a7b6c24d/packaging-25.0.tar.gz", hash = "sha256:d443872c98d677bf60f6a1f2f8c1cb748e8fe762d2bf9d3148b5599295b0fc4f", size = 165727, upload-time = "2025-04-19T11:48:59.673Z" }
wheels = [
    { url = "https://files.pythonhosted.org/packages/20/12/38679034af332785aac8774540895e234f4d07f7545804097de4b666afd8/packaging-25.0-py3-none-any.whl", hash = "sha256:29572ef2b1f17581046b3a2227d5c611fb25ec70ca1ba8554b24b0e69331a484", size = 66469, upload-time = "2025-04-19T11:48:57.875Z" },
]

[[package]]
name = "pluggy"
version = "1.6.0"
source = { registry = "https://pypi.org/simple" }
sdist = { url = "https://files.pythonhosted.org/packages/f9/e2/3e91f31a7d2b083fe6ef3fa267035b518369d9511ffab804f839851d2779/pluggy-1.6.0.tar.gz", hash = "sha256:7dcc130b76258d33b90f61b658791dede3486c3e6bfb003ee5c9bfb396dd22f3", size = 69412, upload-time = "2025-05-15T12:30:07.975Z" }
wheels = [
    { url = "https://files.pythonhosted.org/packages/54/20/4d324d65cc6d9205fabedc306948156824eb9f0ee1633355a8f7ec5c66bf/pluggy-1.6.0-py3-none-any.whl", hash = "sha256:e920276dd6813095e9377c0bc5566d94c932c33b27a3e3945d8389c374dd4746", size = 20538, upload-time = "2025-05-15T12:30:06.134Z" },
]

[[package]]
name = "pygments"
version = "2.19.2"
source = { registry = "https://pypi.org/simple" }
sdist = { url = "https://files.pythonhosted.org/packages/b0/77/a5b8c569bf593b0140bde72ea885a803b82086995367bf2037de0159d924/pygments-2.19.2.tar.gz", hash = "sha256:636cb2477cec7f8952536970bc533bc43743542f70392ae026374600add5b887", size = 4968631, upload-time = "2025-06-21T13:39:12.283Z" }
wheels = [
    { url = "https://files.pythonhosted.org/packages/c7/21/705964c7812476f378728bdf590ca4b771ec72385c533964653c68e86bdc/pygments-2.19.2-py3-none-any.whl", hash = "sha256:86540386c03d588bb81d44bc3928634ff26449851e99741617ecb9037ee5ec0b", size = 1225217, upload-time = "2025-06-21T13:39:07.939Z" },
]

[[package]]
name = "pytest"
version = "8.4.1"
source = { registry = "https://pypi.org/simple" }
dependencies = [
    { name = "colorama", marker = "sys_platform == 'win32'" },
    { name = "iniconfig" },
    { name = "packaging" },
    { name = "pluggy" },
    { name = "pygments" },
]
sdist = { url = "https://files.pythonhosted.org/packages/08/ba/45911d754e8eba3d5a841a5ce61a65a685ff1798421ac054f85aa8747dfb/pytest-8.4.1.tar.gz", hash = "sha256:7c67fd69174877359ed9371ec3af8a3d2b04741818c51e5e99cc1742251fa93c", size = 1517714, upload-time = "2025-06-18T05:48:06.109Z" }
wheels = [
    { url = "https://files.pythonhosted.org/packages/29/16/c8a903f4c4dffe7a12843191437d7cd8e32751d5de349d45d3fe69544e87/pytest-8.4.1-py3-none-any.whl", hash = "sha256:539c70ba6fcead8e78eebbf1115e8b589e7565830d7d006a8723f19ac8a0afb7", size = 365474, upload-time = "2025-06-18T05:48:03.955Z" },
]

[[package]]
name = "smmap"
version = "5.0.2"
source = { registry = "https://pypi.org/simple" }
sdist = { url = "https://files.pythonhosted.org/packages/44/cd/a040c4b3119bbe532e5b0732286f805445375489fceaec1f48306068ee3b/smmap-5.0.2.tar.gz", hash = "sha256:26ea65a03958fa0c8a1c7e8c7a58fdc77221b8910f6be2131affade476898ad5", size = 22329, upload-time = "2025-01-02T07:14:40.909Z" }
wheels = [
    { url = "https://files.pythonhosted.org/packages/04/be/d09147ad1ec7934636ad912901c5fd7667e1c858e19d355237db0d0cd5e4/smmap-5.0.2-py3-none-any.whl", hash = "sha256:b30115f0def7d7531d22a0fb6502488d879e75b260a9db4d0819cfb25403af5e", size = 24303, upload-time = "2025-01-02T07:14:38.724Z" },
]

[[package]]
name = "tree-sitter"
version = "0.25.1"
source = { registry = "https://pypi.org/simple" }
sdist = { url = "https://files.pythonhosted.org/packages/89/2b/02a642e67605b9dd59986b00d13a076044dede04025a243f0592ac79d68c/tree-sitter-0.25.1.tar.gz", hash = "sha256:cd761ad0e4d1fc88a4b1b8083bae06d4f973acf6f5f29bbf13ea9609c1dec9c1", size = 177874, upload-time = "2025-08-05T17:14:34.193Z" }
wheels = [
    { url = "https://files.pythonhosted.org/packages/3f/d3/bfb08aab9c7daed2715f303cc017329e3512bb77678cc28829681decadd2/tree_sitter-0.25.1-cp313-cp313-macosx_10_13_x86_64.whl", hash = "sha256:ae1eebc175e6a50b38b0e0385cdc26e92ac0bff9b32ee1c0619bbbf6829d57ea", size = 146920, upload-time = "2025-08-05T17:14:17.483Z" },
    { url = "https://files.pythonhosted.org/packages/f9/36/7f897c50489c38665255579646fca8191e1b9e5a29ac9cf11022e42e1e2b/tree_sitter-0.25.1-cp313-cp313-macosx_11_0_arm64.whl", hash = "sha256:9e0ae03c4f132f1bffb2bc40b1bb28742785507da693ab04da8531fe534ada9c", size = 140782, upload-time = "2025-08-05T17:14:18.594Z" },
    { url = "https://files.pythonhosted.org/packages/16/e6/85012113899296b8e0789ae94f562d3971d7d3df989e8bec6128749394e1/tree_sitter-0.25.1-cp313-cp313-manylinux2014_aarch64.manylinux_2_17_aarch64.manylinux_2_28_aarch64.whl", hash = "sha256:acf571758be0a71046a61a0936cb815f15b13e0ae7ec6d08398e4aa1560b371d", size = 607590, upload-time = "2025-08-05T17:14:19.782Z" },
    { url = "https://files.pythonhosted.org/packages/49/93/605b08dc4cf76d08cfacebc30a88467c6526ea5c94592c25240518e38b71/tree_sitter-0.25.1-cp313-cp313-manylinux2014_x86_64.manylinux_2_17_x86_64.manylinux_2_28_x86_64.whl", hash = "sha256:632910847e3f8ae35841f92cba88a9a1b8bc56ecc1514a5affebf7951fa0fc0a", size = 635553, upload-time = "2025-08-05T17:14:21.107Z" },
    { url = "https://files.pythonhosted.org/packages/ce/27/123667f756bb32168507c940db9040104c606fbb0214397d3c20cf985073/tree_sitter-0.25.1-cp313-cp313-musllinux_1_2_x86_64.whl", hash = "sha256:a99ecef7771afb118b2a8435c8ba67ea7a085c60d5d33dc0a4794ed882e5f7df", size = 630844, upload-time = "2025-08-05T17:14:22.078Z" },
    { url = "https://files.pythonhosted.org/packages/2f/53/180b0ed74153a3c9a23967f54774d5930c2e0b67671ae4ca0d4d35ba18ac/tree_sitter-0.25.1-cp313-cp313-win_amd64.whl", hash = "sha256:c1d6393454d1f9d4195c74e40a487640cd4390cd4aee90837485f932a1a0f40c", size = 127159, upload-time = "2025-08-05T17:14:23.061Z" },
    { url = "https://files.pythonhosted.org/packages/32/fb/b8b7b5122ac4a80cd689a5023f2416910e10f9534ace1cdf0020a315d40d/tree_sitter-0.25.1-cp313-cp313-win_arm64.whl", hash = "sha256:c1d2dbf7d12426b71ff49739f599c355f4de338a5c0ab994de2a1d290f6e0b20", size = 113920, upload-time = "2025-08-05T17:14:23.879Z" },
    { url = "https://files.pythonhosted.org/packages/70/8c/cb851da552baf4215baf96443e5e9e39095083a95bc05c4444e640fe0fe8/tree_sitter-0.25.1-cp314-cp314-macosx_10_13_x86_64.whl", hash = "sha256:32cee52264d9ecf98885fcac0185ac63e16251b31dd8b4a3b8d8071173405f8f", size = 146775, upload-time = "2025-08-05T17:14:25.064Z" },
    { url = "https://files.pythonhosted.org/packages/f3/59/002c89df1e8f1664b82023e5d0c06de97fff5c2a2e33dce1a241c8909758/tree_sitter-0.25.1-cp314-cp314-macosx_11_0_arm64.whl", hash = "sha256:ae024d8ccfef51e61c44a81af7a48670601430701c24f450bea10f4b4effd8d1", size = 140787, upload-time = "2025-08-05T17:14:25.914Z" },
    { url = "https://files.pythonhosted.org/packages/39/48/c9e6deb88f3c7f16963ef205e5b8e3ea7f5effd048b4515d09738c7b032b/tree_sitter-0.25.1-cp314-cp314-manylinux2014_aarch64.manylinux_2_17_aarch64.manylinux_2_28_aarch64.whl", hash = "sha256:d025c56c393cea660df9ef33ca60329952a1f8ee6212d21b2b390dfec08a3874", size = 609173, upload-time = "2025-08-05T17:14:26.817Z" },
    { url = "https://files.pythonhosted.org/packages/53/a8/b782576d7ea081a87285d974005155da03b6d0c66283fe1e3a5e0dd4bd98/tree_sitter-0.25.1-cp314-cp314-manylinux2014_x86_64.manylinux_2_17_x86_64.manylinux_2_28_x86_64.whl", hash = "sha256:044aa23ea14f337809821bea7467f33f4c6d351739dca76ba0cbe4d0154d8662", size = 635994, upload-time = "2025-08-05T17:14:28.343Z" },
    { url = "https://files.pythonhosted.org/packages/70/0a/c5b6c9cdb7bd4bf0c3d2bd494fcf356acc53f8e63007dc2a836d95bbe964/tree_sitter-0.25.1-cp314-cp314-musllinux_1_2_x86_64.whl", hash = "sha256:1863d96704eb002df4ad3b738294ae8bd5dcf8cefb715da18bff6cb2d33d978e", size = 630944, upload-time = "2025-08-05T17:14:31.123Z" },
    { url = "https://files.pythonhosted.org/packages/12/2a/d0b097157c2d487f5e6293dae2c106ec9ede792a6bb780249e81432e754d/tree_sitter-0.25.1-cp314-cp314-win_amd64.whl", hash = "sha256:a40a481e28e1afdbc455932d61e49ffd4163aafa83f4a3deb717524a7786197e", size = 130831, upload-time = "2025-08-05T17:14:32.458Z" },
    { url = "https://files.pythonhosted.org/packages/ce/33/3591e7b22dd49f46ae4fdee1db316ecefd0486cae880c5b497a55f0ccb24/tree_sitter-0.25.1-cp314-cp314-win_arm64.whl", hash = "sha256:f7b68f584336b39b2deab9896b629dddc3c784170733d3409f01fe825e9c04eb", size = 117376, upload-time = "2025-08-05T17:14:33.283Z" },
]

[[package]]
name = "tree-sitter-java"
version = "0.23.5"
source = { registry = "https://pypi.org/simple" }
sdist = { url = "https://files.pythonhosted.org/packages/fa/dc/eb9c8f96304e5d8ae1663126d89967a622a80937ad2909903569ccb7ec8f/tree_sitter_java-0.23.5.tar.gz", hash = "sha256:f5cd57b8f1270a7f0438878750d02ccc79421d45cca65ff284f1527e9ef02e38", size = 138121, upload-time = "2024-12-21T18:24:26.936Z" }
wheels = [
    { url = "https://files.pythonhosted.org/packages/67/21/b3399780b440e1567a11d384d0ebb1aea9b642d0d98becf30fa55c0e3a3b/tree_sitter_java-0.23.5-cp39-abi3-macosx_10_9_x86_64.whl", hash = "sha256:355ce0308672d6f7013ec913dee4a0613666f4cda9044a7824240d17f38209df", size = 58926, upload-time = "2024-12-21T18:24:12.53Z" },
    { url = "https://files.pythonhosted.org/packages/57/ef/6406b444e2a93bc72a04e802f4107e9ecf04b8de4a5528830726d210599c/tree_sitter_java-0.23.5-cp39-abi3-macosx_11_0_arm64.whl", hash = "sha256:24acd59c4720dedad80d548fe4237e43ef2b7a4e94c8549b0ca6e4c4d7bf6e69", size = 62288, upload-time = "2024-12-21T18:24:14.634Z" },
    { url = "https://files.pythonhosted.org/packages/4e/6c/74b1c150d4f69c291ab0b78d5dd1b59712559bbe7e7daf6d8466d483463f/tree_sitter_java-0.23.5-cp39-abi3-manylinux_2_17_aarch64.manylinux2014_aarch64.whl", hash = "sha256:9401e7271f0b333df39fc8a8336a0caf1b891d9a2b89ddee99fae66b794fc5b7", size = 85533, upload-time = "2024-12-21T18:24:16.695Z" },
    { url = "https://files.pythonhosted.org/packages/29/09/e0d08f5c212062fd046db35c1015a2621c2631bc8b4aae5740d7adb276ad/tree_sitter_java-0.23.5-cp39-abi3-manylinux_2_5_x86_64.manylinux1_x86_64.manylinux_2_17_x86_64.manylinux2014_x86_64.whl", hash = "sha256:370b204b9500b847f6d0c5ad584045831cee69e9a3e4d878535d39e4a7e4c4f1", size = 84033, upload-time = "2024-12-21T18:24:18.758Z" },
    { url = "https://files.pythonhosted.org/packages/43/56/7d06b23ddd09bde816a131aa504ee11a1bbe87c6b62ab9b2ed23849a3382/tree_sitter_java-0.23.5-cp39-abi3-musllinux_1_2_x86_64.whl", hash = "sha256:aae84449e330363b55b14a2af0585e4e0dae75eb64ea509b7e5b0e1de536846a", size = 82564, upload-time = "2024-12-21T18:24:20.493Z" },
    { url = "https://files.pythonhosted.org/packages/da/d6/0528c7e1e88a18221dbd8ccee3825bf274b1fa300f745fd74eb343878043/tree_sitter_java-0.23.5-cp39-abi3-win_amd64.whl", hash = "sha256:1ee45e790f8d31d416bc84a09dac2e2c6bc343e89b8a2e1d550513498eedfde7", size = 60650, upload-time = "2024-12-21T18:24:22.902Z" },
    { url = "https://files.pythonhosted.org/packages/72/57/5bab54d23179350356515526fff3cc0f3ac23bfbc1a1d518a15978d4880e/tree_sitter_java-0.23.5-cp39-abi3-win_arm64.whl", hash = "sha256:402efe136104c5603b429dc26c7e75ae14faaca54cfd319ecc41c8f2534750f4", size = 59059, upload-time = "2024-12-21T18:24:24.934Z" },
]
